
Microsoft Visual Studio Solution File, Format Version 12.00
# Visual Studio 2013
VisualStudioVersion = 12.0.30501.0
MinimumVisualStudioVersion = 10.0.40219.1
Project("{8BC9CEB8-8B4A-11D0-8D11-00A0C91BC942}") = "L1 - Minesweeper", "L1 - Minesweeper\L1 - Minesweeper.vcxproj", "{436AF250-F3AD-4E39-9403-C4A2389D794C}"
EndProject
Global
	GlobalSection(SolutionConfigurationPlatforms) = preSolution
		Debug|Win32 = Debug|Win32
		Release|Win32 = Release|Win32
	EndGlobalSection
	GlobalSection(ProjectConfigurationPlatforms) = postSolution
		{436AF250-F3AD-4E39-9403-C4A2389D794C}.Debug|Win32.ActiveCfg = Debug|Win32
		{436AF250-F3AD-4E39-9403-C4A2389D794C}.Debug|Win32.Build.0 = Debug|Win32
		{436AF250-F3AD-4E39-9403-C4A2389D794C}.Release|Win32.ActiveCfg = Release|Win32
		{436AF250-F3AD-4E39-9403-C4A2389D794C}.Release|Win32.Build.0 = Release|Win32
	EndGlobalSection
	GlobalSection(SolutionProperties) = preSolution
		HideSolutionNode = FALSE
	EndGlobalSection
EndGlobal
