<?xml version="1.0" encoding="utf-8"?>
<Project ToolsVersion="4.0" xmlns="http://schemas.microsoft.com/developer/msbuild/2003">
  <ItemGroup>
    <Filter Include="Source Files">
      <UniqueIdentifier>{4FC737F1-C7A5-4376-A066-2A32D752A2FF}</UniqueIdentifier>
      <Extensions>cpp;c;cc;cxx;def;odl;idl;hpj;bat;asm;asmx</Extensions>
    </Filter>
    <Filter Include="Header Files">
      <UniqueIdentifier>{93995380-89BD-4b04-88EB-625FBE52EBFB}</UniqueIdentifier>
      <Extensions>h;hh;hpp;hxx;hm;inl;inc;xsd</Extensions>
    </Filter>
    <Filter Include="Resource Files">
      <UniqueIdentifier>{67DA6AB6-F800-4c08-8B7A-83BB121AAD01}</UniqueIdentifier>
      <Extensions>rc;ico;cur;bmp;dlg;rc2;rct;bin;rgs;gif;jpg;jpeg;jpe;resx;tiff;tif;png;wav;mfcribbon-ms</Extensions>
    </Filter>
    <Filter Include="Data Structs">
      <UniqueIdentifier>{e1902901-10f1-4a46-8ce8-ad3af9d7fa55}</UniqueIdentifier>
    </Filter>
    <Filter Include="Source Files Main">
      <UniqueIdentifier>{28218979-9a30-41a9-9188-571cd383ee3c}</UniqueIdentifier>
    </Filter>
  </ItemGroup>
  <ItemGroup>
    <ClInclude Include="Array_1D.h">
      <Filter>Data Structs</Filter>
    </ClInclude>
    <ClInclude Include="DoubleLinkedList.h">
      <Filter>Data Structs</Filter>
    </ClInclude>
    <ClInclude Include="Exception.h">
      <Filter>Data Structs</Filter>
    </ClInclude>
    <ClInclude Include="Node.h">
      <Filter>Data Structs</Filter>
    </ClInclude>
    <ClInclude Include="Stack.h">
      <Filter>Data Structs</Filter>
    </ClInclude>
    <ClInclude Include="StackLimit.h">
      <Filter>Data Structs</Filter>
    </ClInclude>
    <ClInclude Include="Card.h">
      <Filter>Header Files</Filter>
    </ClInclude>
    <ClInclude Include="Deck.h">
      <Filter>Header Files</Filter>
    </ClInclude>
    <ClInclude Include="FreeCellGame.h">
      <Filter>Header Files</Filter>
    </ClInclude>
    <ClInclude Include="FreeCells.h">
      <Filter>Header Files</Filter>
    </ClInclude>
    <ClInclude Include="HomeCells.h">
      <Filter>Header Files</Filter>
    </ClInclude>
    <ClInclude Include="Display.h">
      <Filter>Source Files Main</Filter>
    </ClInclude>
    <ClInclude Include="Cascades.h">
      <Filter>Header Files</Filter>
    </ClInclude>
  </ItemGroup>
  <ItemGroup>
    <ClCompile Include="Exception.cpp">
      <Filter>Data Structs</Filter>
    </ClCompile>
    <ClCompile Include="FreeCellGame.cpp">
      <Filter>Source Files</Filter>
    </ClCompile>
    <ClCompile Include="Deck.cpp">
      <Filter>Source Files</Filter>
    </ClCompile>
    <ClCompile Include="FreeCells.cpp">
      <Filter>Source Files</Filter>
    </ClCompile>
    <ClCompile Include="Card.cpp">
      <Filter>Source Files</Filter>
    </ClCompile>
    <ClCompile Include="Source.cpp">
      <Filter>Source Files Main</Filter>
    </ClCompile>
    <ClCompile Include="HomeCells.cpp">
      <Filter>Source Files</Filter>
    </ClCompile>
    <ClCompile Include="Cascades.cpp">
      <Filter>Source Files</Filter>
    </ClCompile>
  </ItemGroup>
</Project>